
Microsoft Visual Studio Solution File, Format Version 12.00
# Visual Studio Version 16
VisualStudioVersion = 16.0.28922.388
MinimumVisualStudioVersion = 10.0.40219.1
Project("{9A19103F-16F7-4668-BE54-9A1E7A4F7556}") = "Z80_Core", "Z80_Core\Z80_Core.csproj", "{F1912952-2484-4C19-8137-D0F2BB18BEDA}"
EndProject
Project("{9A19103F-16F7-4668-BE54-9A1E7A4F7556}") = "Z80_Core_Tests", "Z80_Core_Tests\Z80_Core_Tests.csproj", "{95AE3BEE-40CA-4FCE-87D5-972BF84D9C0F}"
EndProject
Project("{2150E333-8FDC-42A3-9474-1A3956D46DE8}") = "Solution Items", "Solution Items", "{AF7F2F10-6617-4C54-909E-E7AF063B6F26}"
	ProjectSection(SolutionItems) = preProject
		.editorconfig = .editorconfig
		README.md = README.md
	EndProjectSection
EndProject
Project("{9A19103F-16F7-4668-BE54-9A1E7A4F7556}") = "ZexNext_Core", "ZexNext_Core\ZexNext_Core.csproj", "{656736CB-686B-4C84-A703-4D18991719CE}"
EndProject
Project("{9A19103F-16F7-4668-BE54-9A1E7A4F7556}") = "ZexNext_Runner", "ZexNext_Runner\ZexNext_Runner.csproj", "{744CAE3B-9012-432B-A6C0-98FDA21C4E47}"
EndProject
Project("{9A19103F-16F7-4668-BE54-9A1E7A4F7556}") = "ZXSpectrumVM", "ZXSpectrumVM\ZXSpectrumVM.csproj", "{CF6CC431-1F44-4577-A19F-BB575F7BE89E}"
EndProject
Project("{9A19103F-16F7-4668-BE54-9A1E7A4F7556}") = "ZXSpectrumApp", "ZXSpectrumApp\ZXSpectrumApp.csproj", "{4A62BAAF-F0B3-4EC2-9A11-18A58B9C78F1}"
EndProject
Project("{9A19103F-16F7-4668-BE54-9A1E7A4F7556}") = "Z80_Console", "Z80_Console\Z80_Console.csproj", "{5A4D96DA-0FCB-4B6F-B0DD-4D99427462F5}"
EndProject
Project("{9A19103F-16F7-4668-BE54-9A1E7A4F7556}") = "Z80_SimpleVM", "Z80_SimpleVM\Z80_SimpleVM.csproj", "{BA5D8F2D-A3F1-45E0-AC50-48784D5EE6B8}"
EndProject
Global
	GlobalSection(SolutionConfigurationPlatforms) = preSolution
		Debug|Any CPU = Debug|Any CPU
		Debug|x64 = Debug|x64
		Release|Any CPU = Release|Any CPU
		Release|x64 = Release|x64
	EndGlobalSection
	GlobalSection(ProjectConfigurationPlatforms) = postSolution
		{F1912952-2484-4C19-8137-D0F2BB18BEDA}.Debug|Any CPU.ActiveCfg = Debug|Any CPU
		{F1912952-2484-4C19-8137-D0F2BB18BEDA}.Debug|Any CPU.Build.0 = Debug|Any CPU
		{F1912952-2484-4C19-8137-D0F2BB18BEDA}.Debug|x64.ActiveCfg = Debug|x64
		{F1912952-2484-4C19-8137-D0F2BB18BEDA}.Debug|x64.Build.0 = Debug|x64
		{F1912952-2484-4C19-8137-D0F2BB18BEDA}.Release|Any CPU.ActiveCfg = Release|Any CPU
		{F1912952-2484-4C19-8137-D0F2BB18BEDA}.Release|Any CPU.Build.0 = Release|Any CPU
		{F1912952-2484-4C19-8137-D0F2BB18BEDA}.Release|x64.ActiveCfg = Release|x64
		{F1912952-2484-4C19-8137-D0F2BB18BEDA}.Release|x64.Build.0 = Release|x64
		{95AE3BEE-40CA-4FCE-87D5-972BF84D9C0F}.Debug|Any CPU.ActiveCfg = Debug|Any CPU
		{95AE3BEE-40CA-4FCE-87D5-972BF84D9C0F}.Debug|Any CPU.Build.0 = Debug|Any CPU
		{95AE3BEE-40CA-4FCE-87D5-972BF84D9C0F}.Debug|x64.ActiveCfg = Debug|x64
		{95AE3BEE-40CA-4FCE-87D5-972BF84D9C0F}.Debug|x64.Build.0 = Debug|x64
		{95AE3BEE-40CA-4FCE-87D5-972BF84D9C0F}.Release|Any CPU.ActiveCfg = Release|Any CPU
		{95AE3BEE-40CA-4FCE-87D5-972BF84D9C0F}.Release|Any CPU.Build.0 = Release|Any CPU
		{95AE3BEE-40CA-4FCE-87D5-972BF84D9C0F}.Release|x64.ActiveCfg = Release|x64
		{95AE3BEE-40CA-4FCE-87D5-972BF84D9C0F}.Release|x64.Build.0 = Release|x64
		{656736CB-686B-4C84-A703-4D18991719CE}.Debug|Any CPU.ActiveCfg = Debug|Any CPU
		{656736CB-686B-4C84-A703-4D18991719CE}.Debug|Any CPU.Build.0 = Debug|Any CPU
		{656736CB-686B-4C84-A703-4D18991719CE}.Debug|x64.ActiveCfg = Debug|Any CPU
		{656736CB-686B-4C84-A703-4D18991719CE}.Debug|x64.Build.0 = Debug|Any CPU
		{656736CB-686B-4C84-A703-4D18991719CE}.Release|Any CPU.ActiveCfg = Release|Any CPU
		{656736CB-686B-4C84-A703-4D18991719CE}.Release|Any CPU.Build.0 = Release|Any CPU
		{656736CB-686B-4C84-A703-4D18991719CE}.Release|x64.ActiveCfg = Release|Any CPU
		{656736CB-686B-4C84-A703-4D18991719CE}.Release|x64.Build.0 = Release|Any CPU
		{744CAE3B-9012-432B-A6C0-98FDA21C4E47}.Debug|Any CPU.ActiveCfg = Debug|Any CPU
		{744CAE3B-9012-432B-A6C0-98FDA21C4E47}.Debug|Any CPU.Build.0 = Debug|Any CPU
		{744CAE3B-9012-432B-A6C0-98FDA21C4E47}.Debug|x64.ActiveCfg = Debug|Any CPU
		{744CAE3B-9012-432B-A6C0-98FDA21C4E47}.Debug|x64.Build.0 = Debug|Any CPU
		{744CAE3B-9012-432B-A6C0-98FDA21C4E47}.Release|Any CPU.ActiveCfg = Release|Any CPU
		{744CAE3B-9012-432B-A6C0-98FDA21C4E47}.Release|Any CPU.Build.0 = Release|Any CPU
		{744CAE3B-9012-432B-A6C0-98FDA21C4E47}.Release|x64.ActiveCfg = Release|Any CPU
		{744CAE3B-9012-432B-A6C0-98FDA21C4E47}.Release|x64.Build.0 = Release|Any CPU
		{CF6CC431-1F44-4577-A19F-BB575F7BE89E}.Debug|Any CPU.ActiveCfg = Debug|Any CPU
		{CF6CC431-1F44-4577-A19F-BB575F7BE89E}.Debug|Any CPU.Build.0 = Debug|Any CPU
		{CF6CC431-1F44-4577-A19F-BB575F7BE89E}.Debug|x64.ActiveCfg = Debug|Any CPU
		{CF6CC431-1F44-4577-A19F-BB575F7BE89E}.Debug|x64.Build.0 = Debug|Any CPU
		{CF6CC431-1F44-4577-A19F-BB575F7BE89E}.Release|Any CPU.ActiveCfg = Release|Any CPU
		{CF6CC431-1F44-4577-A19F-BB575F7BE89E}.Release|Any CPU.Build.0 = Release|Any CPU
		{CF6CC431-1F44-4577-A19F-BB575F7BE89E}.Release|x64.ActiveCfg = Release|Any CPU
		{CF6CC431-1F44-4577-A19F-BB575F7BE89E}.Release|x64.Build.0 = Release|Any CPU
		{4A62BAAF-F0B3-4EC2-9A11-18A58B9C78F1}.Debug|Any CPU.ActiveCfg = Debug|Any CPU
		{4A62BAAF-F0B3-4EC2-9A11-18A58B9C78F1}.Debug|Any CPU.Build.0 = Debug|Any CPU
		{4A62BAAF-F0B3-4EC2-9A11-18A58B9C78F1}.Debug|x64.ActiveCfg = Debug|Any CPU
		{4A62BAAF-F0B3-4EC2-9A11-18A58B9C78F1}.Debug|x64.Build.0 = Debug|Any CPU
		{4A62BAAF-F0B3-4EC2-9A11-18A58B9C78F1}.Release|Any CPU.ActiveCfg = Release|Any CPU
		{4A62BAAF-F0B3-4EC2-9A11-18A58B9C78F1}.Release|Any CPU.Build.0 = Release|Any CPU
		{4A62BAAF-F0B3-4EC2-9A11-18A58B9C78F1}.Release|x64.ActiveCfg = Release|Any CPU
		{4A62BAAF-F0B3-4EC2-9A11-18A58B9C78F1}.Release|x64.Build.0 = Release|Any CPU
		{5A4D96DA-0FCB-4B6F-B0DD-4D99427462F5}.Debug|Any CPU.ActiveCfg = Debug|Any CPU
		{5A4D96DA-0FCB-4B6F-B0DD-4D99427462F5}.Debug|Any CPU.Build.0 = Debug|Any CPU
		{5A4D96DA-0FCB-4B6F-B0DD-4D99427462F5}.Debug|x64.ActiveCfg = Debug|x64
		{5A4D96DA-0FCB-4B6F-B0DD-4D99427462F5}.Debug|x64.Build.0 = Debug|x64
		{5A4D96DA-0FCB-4B6F-B0DD-4D99427462F5}.Release|Any CPU.ActiveCfg = Release|Any CPU
		{5A4D96DA-0FCB-4B6F-B0DD-4D99427462F5}.Release|Any CPU.Build.0 = Release|Any CPU
		{5A4D96DA-0FCB-4B6F-B0DD-4D99427462F5}.Release|x64.ActiveCfg = Release|x64
		{5A4D96DA-0FCB-4B6F-B0DD-4D99427462F5}.Release|x64.Build.0 = Release|x64
		{BA5D8F2D-A3F1-45E0-AC50-48784D5EE6B8}.Debug|Any CPU.ActiveCfg = Debug|Any CPU
		{BA5D8F2D-A3F1-45E0-AC50-48784D5EE6B8}.Debug|Any CPU.Build.0 = Debug|Any CPU
		{BA5D8F2D-A3F1-45E0-AC50-48784D5EE6B8}.Debug|x64.ActiveCfg = Debug|x64
		{BA5D8F2D-A3F1-45E0-AC50-48784D5EE6B8}.Debug|x64.Build.0 = Debug|x64
		{BA5D8F2D-A3F1-45E0-AC50-48784D5EE6B8}.Release|Any CPU.ActiveCfg = Release|Any CPU
		{BA5D8F2D-A3F1-45E0-AC50-48784D5EE6B8}.Release|Any CPU.Build.0 = Release|Any CPU
		{BA5D8F2D-A3F1-45E0-AC50-48784D5EE6B8}.Release|x64.ActiveCfg = Release|x64
		{BA5D8F2D-A3F1-45E0-AC50-48784D5EE6B8}.Release|x64.Build.0 = Release|x64
	EndGlobalSection
	GlobalSection(SolutionProperties) = preSolution
		HideSolutionNode = FALSE
	EndGlobalSection
	GlobalSection(ExtensibilityGlobals) = postSolution
		SolutionGuid = {C53C9AB1-D5AA-41E7-8267-9E40D8A40F15}
	EndGlobalSection
EndGlobal
