
Microsoft Visual Studio Solution File, Format Version 12.00
# Visual Studio Version 16
VisualStudioVersion = 16.0.28922.388
MinimumVisualStudioVersion = 10.0.40219.1
Project("{FAE04EC0-301F-11D3-BF4B-00C04F79EFBC}") = "Z80_Core", "Z80_Core\Z80_Core.csproj", "{F1912952-2484-4C19-8137-D0F2BB18BEDA}"
EndProject
Global
	GlobalSection(SolutionConfigurationPlatforms) = preSolution
		Debug|Any CPU = Debug|Any CPU
		Release|Any CPU = Release|Any CPU
	EndGlobalSection
	GlobalSection(ProjectConfigurationPlatforms) = postSolution
		{F1912952-2484-4C19-8137-D0F2BB18BEDA}.Debug|Any CPU.ActiveCfg = Debug|Any CPU
		{F1912952-2484-4C19-8137-D0F2BB18BEDA}.Debug|Any CPU.Build.0 = Debug|Any CPU
		{F1912952-2484-4C19-8137-D0F2BB18BEDA}.Release|Any CPU.ActiveCfg = Release|Any CPU
		{F1912952-2484-4C19-8137-D0F2BB18BEDA}.Release|Any CPU.Build.0 = Release|Any CPU
	EndGlobalSection
	GlobalSection(SolutionProperties) = preSolution
		HideSolutionNode = FALSE
	EndGlobalSection
	GlobalSection(ExtensibilityGlobals) = postSolution
		SolutionGuid = {C53C9AB1-D5AA-41E7-8267-9E40D8A40F15}
	EndGlobalSection
EndGlobal
