
Microsoft Visual Studio Solution File, Format Version 12.00
# Visual Studio Version 17
VisualStudioVersion = 17.4.33122.133
MinimumVisualStudioVersion = 10.0.40219.1
Project("{FAE04EC0-301F-11D3-BF4B-00C04F79EFBC}") = "SuperDuperZ80", "SuperDuperZ80\SuperDuperZ80.csproj", "{74BDCB4C-720F-4DA9-B101-5BF6557A12D8}"
EndProject
Global
	GlobalSection(SolutionConfigurationPlatforms) = preSolution
		Debug|Any CPU = Debug|Any CPU
		Release|Any CPU = Release|Any CPU
	EndGlobalSection
	GlobalSection(ProjectConfigurationPlatforms) = postSolution
		{74BDCB4C-720F-4DA9-B101-5BF6557A12D8}.Debug|Any CPU.ActiveCfg = Debug|Any CPU
		{74BDCB4C-720F-4DA9-B101-5BF6557A12D8}.Debug|Any CPU.Build.0 = Debug|Any CPU
		{74BDCB4C-720F-4DA9-B101-5BF6557A12D8}.Release|Any CPU.ActiveCfg = Release|Any CPU
		{74BDCB4C-720F-4DA9-B101-5BF6557A12D8}.Release|Any CPU.Build.0 = Release|Any CPU
	EndGlobalSection
	GlobalSection(SolutionProperties) = preSolution
		HideSolutionNode = FALSE
	EndGlobalSection
	GlobalSection(ExtensibilityGlobals) = postSolution
		SolutionGuid = {4FE4A24A-A7F1-446B-8FC4-A44FC4086396}
	EndGlobalSection
EndGlobal
