
Microsoft Visual Studio Solution File, Format Version 12.00
# Visual Studio Version 16
VisualStudioVersion = 16.0.28922.388
MinimumVisualStudioVersion = 10.0.40219.1
Project("{9A19103F-16F7-4668-BE54-9A1E7A4F7556}") = "Zem80_Core", "Zem80_Core\Zem80_Core.csproj", "{F1912952-2484-4C19-8137-D0F2BB18BEDA}"
EndProject
Project("{9A19103F-16F7-4668-BE54-9A1E7A4F7556}") = "Zem80_Core_Tests", "Zem80_Core_Tests\Zem80_Core_Tests.csproj", "{95AE3BEE-40CA-4FCE-87D5-972BF84D9C0F}"
EndProject
Project("{2150E333-8FDC-42A3-9474-1A3956D46DE8}") = "Solution Items", "Solution Items", "{AF7F2F10-6617-4C54-909E-E7AF063B6F26}"
	ProjectSection(SolutionItems) = preProject
		.editorconfig = .editorconfig
		LICENSE.txt = LICENSE.txt
	EndProjectSection
EndProject
Project("{9A19103F-16F7-4668-BE54-9A1E7A4F7556}") = "Zem80_SimpleVM", "Zem80_SimpleVM\Zem80_SimpleVM.csproj", "{2CE7281F-B876-46E7-A571-56E6C55F2A0F}"
EndProject
Project("{FAE04EC0-301F-11D3-BF4B-00C04F79EFBC}") = "Zem80_Zexall", "Zem80_Zexall\Zem80_Zexall.csproj", "{6BF4132D-20D2-44A2-A2A6-9EB64D7DF6B3}"
EndProject
Global
	GlobalSection(SolutionConfigurationPlatforms) = preSolution
		Debug|Any CPU = Debug|Any CPU
		Debug|x64 = Debug|x64
		Release|Any CPU = Release|Any CPU
		Release|x64 = Release|x64
	EndGlobalSection
	GlobalSection(ProjectConfigurationPlatforms) = postSolution
		{F1912952-2484-4C19-8137-D0F2BB18BEDA}.Debug|Any CPU.ActiveCfg = Debug|Any CPU
		{F1912952-2484-4C19-8137-D0F2BB18BEDA}.Debug|Any CPU.Build.0 = Debug|Any CPU
		{F1912952-2484-4C19-8137-D0F2BB18BEDA}.Debug|x64.ActiveCfg = Debug|x64
		{F1912952-2484-4C19-8137-D0F2BB18BEDA}.Debug|x64.Build.0 = Debug|x64
		{F1912952-2484-4C19-8137-D0F2BB18BEDA}.Release|Any CPU.ActiveCfg = Release|Any CPU
		{F1912952-2484-4C19-8137-D0F2BB18BEDA}.Release|Any CPU.Build.0 = Release|Any CPU
		{F1912952-2484-4C19-8137-D0F2BB18BEDA}.Release|x64.ActiveCfg = Release|x64
		{F1912952-2484-4C19-8137-D0F2BB18BEDA}.Release|x64.Build.0 = Release|x64
		{95AE3BEE-40CA-4FCE-87D5-972BF84D9C0F}.Debug|Any CPU.ActiveCfg = Debug|Any CPU
		{95AE3BEE-40CA-4FCE-87D5-972BF84D9C0F}.Debug|Any CPU.Build.0 = Debug|Any CPU
		{95AE3BEE-40CA-4FCE-87D5-972BF84D9C0F}.Debug|x64.ActiveCfg = Debug|x64
		{95AE3BEE-40CA-4FCE-87D5-972BF84D9C0F}.Debug|x64.Build.0 = Debug|x64
		{95AE3BEE-40CA-4FCE-87D5-972BF84D9C0F}.Release|Any CPU.ActiveCfg = Release|Any CPU
		{95AE3BEE-40CA-4FCE-87D5-972BF84D9C0F}.Release|Any CPU.Build.0 = Release|Any CPU
		{95AE3BEE-40CA-4FCE-87D5-972BF84D9C0F}.Release|x64.ActiveCfg = Release|x64
		{95AE3BEE-40CA-4FCE-87D5-972BF84D9C0F}.Release|x64.Build.0 = Release|x64
		{2CE7281F-B876-46E7-A571-56E6C55F2A0F}.Debug|Any CPU.ActiveCfg = Debug|Any CPU
		{2CE7281F-B876-46E7-A571-56E6C55F2A0F}.Debug|Any CPU.Build.0 = Debug|Any CPU
		{2CE7281F-B876-46E7-A571-56E6C55F2A0F}.Debug|x64.ActiveCfg = Debug|x64
		{2CE7281F-B876-46E7-A571-56E6C55F2A0F}.Debug|x64.Build.0 = Debug|x64
		{2CE7281F-B876-46E7-A571-56E6C55F2A0F}.Release|Any CPU.ActiveCfg = Release|Any CPU
		{2CE7281F-B876-46E7-A571-56E6C55F2A0F}.Release|Any CPU.Build.0 = Release|Any CPU
		{2CE7281F-B876-46E7-A571-56E6C55F2A0F}.Release|x64.ActiveCfg = Release|x64
		{2CE7281F-B876-46E7-A571-56E6C55F2A0F}.Release|x64.Build.0 = Release|x64
		{6BF4132D-20D2-44A2-A2A6-9EB64D7DF6B3}.Debug|Any CPU.ActiveCfg = Debug|Any CPU
		{6BF4132D-20D2-44A2-A2A6-9EB64D7DF6B3}.Debug|Any CPU.Build.0 = Debug|Any CPU
		{6BF4132D-20D2-44A2-A2A6-9EB64D7DF6B3}.Debug|x64.ActiveCfg = Debug|Any CPU
		{6BF4132D-20D2-44A2-A2A6-9EB64D7DF6B3}.Debug|x64.Build.0 = Debug|Any CPU
		{6BF4132D-20D2-44A2-A2A6-9EB64D7DF6B3}.Release|Any CPU.ActiveCfg = Release|Any CPU
		{6BF4132D-20D2-44A2-A2A6-9EB64D7DF6B3}.Release|Any CPU.Build.0 = Release|Any CPU
		{6BF4132D-20D2-44A2-A2A6-9EB64D7DF6B3}.Release|x64.ActiveCfg = Release|Any CPU
		{6BF4132D-20D2-44A2-A2A6-9EB64D7DF6B3}.Release|x64.Build.0 = Release|Any CPU
	EndGlobalSection
	GlobalSection(SolutionProperties) = preSolution
		HideSolutionNode = FALSE
	EndGlobalSection
	GlobalSection(ExtensibilityGlobals) = postSolution
		SolutionGuid = {C53C9AB1-D5AA-41E7-8267-9E40D8A40F15}
	EndGlobalSection
EndGlobal
